
Microsoft Visual Studio Solution File, Format Version 12.00
# Visual Studio 2012
Project("{FAE04EC0-301F-11D3-BF4B-00C04F79EFBC}") = "RPCServer", "RPCServer\RPCServer.csproj", "{47D127A7-922F-4DFA-9B2E-B551148636FC}"
EndProject
Project("{FAE04EC0-301F-11D3-BF4B-00C04F79EFBC}") = "Client", "Client\Client.csproj", "{559DFC1E-EE79-4431-AEA1-5119C83CFD09}"
EndProject
Global
	GlobalSection(SolutionConfigurationPlatforms) = preSolution
		Debug|Any CPU = Debug|Any CPU
		Release|Any CPU = Release|Any CPU
	EndGlobalSection
	GlobalSection(ProjectConfigurationPlatforms) = postSolution
		{47D127A7-922F-4DFA-9B2E-B551148636FC}.Debug|Any CPU.ActiveCfg = Debug|Any CPU
		{47D127A7-922F-4DFA-9B2E-B551148636FC}.Debug|Any CPU.Build.0 = Debug|Any CPU
		{47D127A7-922F-4DFA-9B2E-B551148636FC}.Release|Any CPU.ActiveCfg = Release|Any CPU
		{47D127A7-922F-4DFA-9B2E-B551148636FC}.Release|Any CPU.Build.0 = Release|Any CPU
		{559DFC1E-EE79-4431-AEA1-5119C83CFD09}.Debug|Any CPU.ActiveCfg = Debug|Any CPU
		{559DFC1E-EE79-4431-AEA1-5119C83CFD09}.Debug|Any CPU.Build.0 = Debug|Any CPU
		{559DFC1E-EE79-4431-AEA1-5119C83CFD09}.Release|Any CPU.ActiveCfg = Release|Any CPU
		{559DFC1E-EE79-4431-AEA1-5119C83CFD09}.Release|Any CPU.Build.0 = Release|Any CPU
	EndGlobalSection
	GlobalSection(SolutionProperties) = preSolution
		HideSolutionNode = FALSE
	EndGlobalSection
EndGlobal
